
Microsoft Visual Studio Solution File, Format Version 12.00
# Visual Studio 15
VisualStudioVersion = 15.0.27130.2024
MinimumVisualStudioVersion = 10.0.40219.1
Project("{FAE04EC0-301F-11D3-BF4B-00C04F79EFBC}") = "CRUDEmpresa", "CRUDEmpresa\CRUDEmpresa.csproj", "{4CEDD442-F17D-46EE-9FAE-2B3FD893BCCF}"
EndProject
Global
	GlobalSection(SolutionConfigurationPlatforms) = preSolution
		Debug|Any CPU = Debug|Any CPU
		Release|Any CPU = Release|Any CPU
	EndGlobalSection
	GlobalSection(ProjectConfigurationPlatforms) = postSolution
		{4CEDD442-F17D-46EE-9FAE-2B3FD893BCCF}.Debug|Any CPU.ActiveCfg = Debug|Any CPU
		{4CEDD442-F17D-46EE-9FAE-2B3FD893BCCF}.Debug|Any CPU.Build.0 = Debug|Any CPU
		{4CEDD442-F17D-46EE-9FAE-2B3FD893BCCF}.Release|Any CPU.ActiveCfg = Release|Any CPU
		{4CEDD442-F17D-46EE-9FAE-2B3FD893BCCF}.Release|Any CPU.Build.0 = Release|Any CPU
	EndGlobalSection
	GlobalSection(SolutionProperties) = preSolution
		HideSolutionNode = FALSE
	EndGlobalSection
	GlobalSection(ExtensibilityGlobals) = postSolution
		SolutionGuid = {E5FA7F7D-BC60-4A79-98D7-7E8E73A5E35D}
	EndGlobalSection
EndGlobal
